
Microsoft Visual Studio Solution File, Format Version 9.00
# Visual Studio 2005
Project("{F184B08F-C81C-45F6-A57F-5ABD9991F28F}") = "DriverBackup! 2", "DriverBackup! 2.vbproj", "{CA465BDF-DE33-4A73-81F2-8363C438A1B5}"
EndProject
Global
	GlobalSection(SolutionConfigurationPlatforms) = preSolution
		Debug|Any CPU = Debug|Any CPU
		Release|Any CPU = Release|Any CPU
	EndGlobalSection
	GlobalSection(ProjectConfigurationPlatforms) = postSolution
		{CA465BDF-DE33-4A73-81F2-8363C438A1B5}.Debug|Any CPU.ActiveCfg = Debug|Any CPU
		{CA465BDF-DE33-4A73-81F2-8363C438A1B5}.Debug|Any CPU.Build.0 = Debug|Any CPU
		{CA465BDF-DE33-4A73-81F2-8363C438A1B5}.Release|Any CPU.ActiveCfg = Release|Any CPU
		{CA465BDF-DE33-4A73-81F2-8363C438A1B5}.Release|Any CPU.Build.0 = Release|Any CPU
	EndGlobalSection
	GlobalSection(SolutionProperties) = preSolution
		HideSolutionNode = FALSE
	EndGlobalSection
EndGlobal
